
Microsoft Visual Studio Solution File, Format Version 12.00
# Visual Studio Version 16
VisualStudioVersion = 16.0.30204.135
MinimumVisualStudioVersion = 10.0.40219.1
Project("{9A19103F-16F7-4668-BE54-9A1E7A4F7556}") = "DesignCrowdTC.Web", "DesignCrowdTC.Web\DesignCrowdTC.Web.csproj", "{5D6EF9A0-5F99-4843-AC72-3C844F38E8A8}"
EndProject
Project("{FAE04EC0-301F-11D3-BF4B-00C04F79EFBC}") = "DesignCrowdTC.App", "DesignCrowdTC.App\DesignCrowdTC.App.csproj", "{5765B312-F6C3-4E3C-9E34-6C5B23B3689E}"
EndProject
Project("{FAE04EC0-301F-11D3-BF4B-00C04F79EFBC}") = "DesignCrowdTC.Core", "DesignCrowdTC.Core\DesignCrowdTC.Core.csproj", "{A22FB4B5-2C30-4CCA-BAEA-369057332DD5}"
EndProject
Project("{FAE04EC0-301F-11D3-BF4B-00C04F79EFBC}") = "DesignCrowdTC.Business", "DesignCrowdTC.Business\DesignCrowdTC.Business.csproj", "{F5EA3C0F-4711-41E7-B510-5D16690536F3}"
EndProject
Project("{2150E333-8FDC-42A3-9474-1A3956D46DE8}") = "Tests", "Tests", "{A22C0B49-5E40-4CE5-BB9D-6F63C9D20D82}"
EndProject
Project("{FAE04EC0-301F-11D3-BF4B-00C04F79EFBC}") = "DesignCrowdTC.Business.Tests", "DesignCrowdTC.Business.Tests\DesignCrowdTC.Business.Tests.csproj", "{FD5E03ED-B251-47CF-B6DA-D6529795E55A}"
EndProject
Global
	GlobalSection(SolutionConfigurationPlatforms) = preSolution
		Debug|Any CPU = Debug|Any CPU
		Release|Any CPU = Release|Any CPU
	EndGlobalSection
	GlobalSection(ProjectConfigurationPlatforms) = postSolution
		{5D6EF9A0-5F99-4843-AC72-3C844F38E8A8}.Debug|Any CPU.ActiveCfg = Debug|Any CPU
		{5D6EF9A0-5F99-4843-AC72-3C844F38E8A8}.Debug|Any CPU.Build.0 = Debug|Any CPU
		{5D6EF9A0-5F99-4843-AC72-3C844F38E8A8}.Release|Any CPU.ActiveCfg = Release|Any CPU
		{5D6EF9A0-5F99-4843-AC72-3C844F38E8A8}.Release|Any CPU.Build.0 = Release|Any CPU
		{5765B312-F6C3-4E3C-9E34-6C5B23B3689E}.Debug|Any CPU.ActiveCfg = Debug|Any CPU
		{5765B312-F6C3-4E3C-9E34-6C5B23B3689E}.Debug|Any CPU.Build.0 = Debug|Any CPU
		{5765B312-F6C3-4E3C-9E34-6C5B23B3689E}.Release|Any CPU.ActiveCfg = Release|Any CPU
		{5765B312-F6C3-4E3C-9E34-6C5B23B3689E}.Release|Any CPU.Build.0 = Release|Any CPU
		{A22FB4B5-2C30-4CCA-BAEA-369057332DD5}.Debug|Any CPU.ActiveCfg = Debug|Any CPU
		{A22FB4B5-2C30-4CCA-BAEA-369057332DD5}.Debug|Any CPU.Build.0 = Debug|Any CPU
		{A22FB4B5-2C30-4CCA-BAEA-369057332DD5}.Release|Any CPU.ActiveCfg = Release|Any CPU
		{A22FB4B5-2C30-4CCA-BAEA-369057332DD5}.Release|Any CPU.Build.0 = Release|Any CPU
		{F5EA3C0F-4711-41E7-B510-5D16690536F3}.Debug|Any CPU.ActiveCfg = Debug|Any CPU
		{F5EA3C0F-4711-41E7-B510-5D16690536F3}.Debug|Any CPU.Build.0 = Debug|Any CPU
		{F5EA3C0F-4711-41E7-B510-5D16690536F3}.Release|Any CPU.ActiveCfg = Release|Any CPU
		{F5EA3C0F-4711-41E7-B510-5D16690536F3}.Release|Any CPU.Build.0 = Release|Any CPU
		{FD5E03ED-B251-47CF-B6DA-D6529795E55A}.Debug|Any CPU.ActiveCfg = Debug|Any CPU
		{FD5E03ED-B251-47CF-B6DA-D6529795E55A}.Debug|Any CPU.Build.0 = Debug|Any CPU
		{FD5E03ED-B251-47CF-B6DA-D6529795E55A}.Release|Any CPU.ActiveCfg = Release|Any CPU
		{FD5E03ED-B251-47CF-B6DA-D6529795E55A}.Release|Any CPU.Build.0 = Release|Any CPU
	EndGlobalSection
	GlobalSection(SolutionProperties) = preSolution
		HideSolutionNode = FALSE
	EndGlobalSection
	GlobalSection(NestedProjects) = preSolution
		{FD5E03ED-B251-47CF-B6DA-D6529795E55A} = {A22C0B49-5E40-4CE5-BB9D-6F63C9D20D82}
	EndGlobalSection
	GlobalSection(ExtensibilityGlobals) = postSolution
		SolutionGuid = {6E09242F-628F-426A-895B-193936450928}
	EndGlobalSection
EndGlobal
